
Microsoft Visual Studio Solution File, Format Version 12.00
# Visual Studio Version 17
VisualStudioVersion = 17.0.31903.59
MinimumVisualStudioVersion = 10.0.40219.1
Project("{FAE04EC0-301F-11D3-BF4B-00C04F79EFBC}") = "Event", "Event\Event.csproj", "{D0C066BC-3718-4EF3-8FE6-8B3758EA6ECB}"
EndProject
Project("{FAE04EC0-301F-11D3-BF4B-00C04F79EFBC}") = "EventTest", "EventTest\EventTest.csproj", "{575ADD29-9106-4FF9-BAD3-2974909C267A}"
EndProject
Global
	GlobalSection(SolutionConfigurationPlatforms) = preSolution
		Debug|Any CPU = Debug|Any CPU
		Release|Any CPU = Release|Any CPU
	EndGlobalSection
	GlobalSection(ProjectConfigurationPlatforms) = postSolution
		{D0C066BC-3718-4EF3-8FE6-8B3758EA6ECB}.Debug|Any CPU.ActiveCfg = Debug|Any CPU
		{D0C066BC-3718-4EF3-8FE6-8B3758EA6ECB}.Debug|Any CPU.Build.0 = Debug|Any CPU
		{D0C066BC-3718-4EF3-8FE6-8B3758EA6ECB}.Release|Any CPU.ActiveCfg = Release|Any CPU
		{D0C066BC-3718-4EF3-8FE6-8B3758EA6ECB}.Release|Any CPU.Build.0 = Release|Any CPU
		{575ADD29-9106-4FF9-BAD3-2974909C267A}.Debug|Any CPU.ActiveCfg = Debug|Any CPU
		{575ADD29-9106-4FF9-BAD3-2974909C267A}.Debug|Any CPU.Build.0 = Debug|Any CPU
		{575ADD29-9106-4FF9-BAD3-2974909C267A}.Release|Any CPU.ActiveCfg = Release|Any CPU
		{575ADD29-9106-4FF9-BAD3-2974909C267A}.Release|Any CPU.Build.0 = Release|Any CPU
	EndGlobalSection
	GlobalSection(SolutionProperties) = preSolution
		HideSolutionNode = FALSE
	EndGlobalSection
	GlobalSection(ExtensibilityGlobals) = postSolution
		SolutionGuid = {0A951250-1427-4255-BF9B-42642A25D897}
	EndGlobalSection
EndGlobal
